// !$*UTF8*$!
{
	archiveVersion = 1;
	classes = {
	};
	objectVersion = 46;
	objects = {

/* Begin PBXBuildFile section */
		8C87724E1D87338600DD44F3 /* AppDelegate.swift in Sources */ = {isa = PBXBuildFile; fileRef = 8C87724D1D87338600DD44F3 /* AppDelegate.swift */; };
		8C8772531D87338600DD44F3 /* Main.storyboard in Resources */ = {isa = PBXBuildFile; fileRef = 8C8772511D87338600DD44F3 /* Main.storyboard */; };
		8C8772551D87338600DD44F3 /* Assets.xcassets in Resources */ = {isa = PBXBuildFile; fileRef = 8C8772541D87338600DD44F3 /* Assets.xcassets */; };
		8C8772581D87338600DD44F3 /* LaunchScreen.storyboard in Resources */ = {isa = PBXBuildFile; fileRef = 8C8772561D87338600DD44F3 /* LaunchScreen.storyboard */; };
		8C8772601D87339F00DD44F3 /* logo.png in Resources */ = {isa = PBXBuildFile; fileRef = 8C87725F1D87339F00DD44F3 /* logo.png */; };
		8C8772621D8742E700DD44F3 /* ViewController.swift in Sources */ = {isa = PBXBuildFile; fileRef = 8C8772611D8742E700DD44F3 /* ViewController.swift */; };
/* End PBXBuildFile section */

/* Begin PBXFileReference section */
		8C87724A1D87338600DD44F3 /* gasolina-ou-alcool.app */ = {isa = PBXFileReference; explicitFileType = wrapper.application; includeInIndex = 0; path = "gasolina-ou-alcool.app"; sourceTree = BUILT_PRODUCTS_DIR; };
		8C87724D1D87338600DD44F3 /* AppDelegate.swift */ = {isa = PBXFileReference; lastKnownFileType = sourcecode.swift; path = AppDelegate.swift; sourceTree = "<group>"; };
		8C8772521D87338600DD44F3 /* Base */ = {isa = PBXFileReference; lastKnownFileType = file.storyboard; name = Base; path = Base.lproj/Main.storyboard; sourceTree = "<group>"; };
		8C8772541D87338600DD44F3 /* Assets.xcassets */ = {isa = PBXFileReference; lastKnownFileType = folder.assetcatalog; path = Assets.xcassets; sourceTree = "<group>"; };
		8C8772571D87338600DD44F3 /* Base */ = {isa = PBXFileReference; lastKnownFileType = file.storyboard; name = Base; path = Base.lproj/LaunchScreen.storyboard; sourceTree = "<group>"; };
		8C8772591D87338600DD44F3 /* Info.plist */ = {isa = PBXFileReference; lastKnownFileType = text.plist.xml; path = Info.plist; sourceTree = "<group>"; };
		8C87725F1D87339F00DD44F3 /* logo.png */ = {isa = PBXFileReference; lastKnownFileType = image.png; path = logo.png; sourceTree = "<group>"; };
		8C8772611D8742E700DD44F3 /* ViewController.swift */ = {isa = PBXFileReference; fileEncoding = 4; lastKnownFileType = sourcecode.swift; path = ViewController.swift; sourceTree = "<group>"; };
/* End PBXFileReference section */

/* Begin PBXFrameworksBuildPhase section */
		8C8772471D87338600DD44F3 /* Frameworks */ = {
			isa = PBXFrameworksBuildPhase;
			buildActionMask = 2147483647;
			files = (
			);
			runOnlyForDeploymentPostprocessing = 0;
		};
/* End PBXFrameworksBuildPhase section */

/* Begin PBXGroup section */
		8C8772411D87338600DD44F3 = {
			isa = PBXGroup;
			children = (
				8C87724C1D87338600DD44F3 /* gasolina-ou-alcool */,
				8C87724B1D87338600DD44F3 /* Products */,
			);
			sourceTree = "<group>";
		};
		8C87724B1D87338600DD44F3 /* Products */ = {
			isa = PBXGroup;
			children = (
				8C87724A1D87338600DD44F3 /* gasolina-ou-alcool.app */,
			);
			name = Products;
			sourceTree = "<group>";
		};
		8C87724C1D87338600DD44F3 /* gasolina-ou-alcool */ = {
			isa = PBXGroup;
			children = (
				8C87725F1D87339F00DD44F3 /* logo.png */,
				8C87724D1D87338600DD44F3 /* AppDelegate.swift */,
				8C8772611D8742E700DD44F3 /* ViewController.swift */,
				8C8772511D87338600DD44F3 /* Main.storyboard */,
				8C8772541D87338600DD44F3 /* Assets.xcassets */,
				8C8772561D87338600DD44F3 /* LaunchScreen.storyboard */,
				8C8772591D87338600DD44F3 /* Info.plist */,
			);
			path = "gasolina-ou-alcool";
			sourceTree = "<group>";
		};
/* End PBXGroup section */

/* Begin PBXNativeTarget section */
		8C8772491D87338600DD44F3 /* gasolina-ou-alcool */ = {
			isa = PBXNativeTarget;
			buildConfigurationList = 8C87725C1D87338600DD44F3 /* Build configuration list for PBXNativeTarget "gasolina-ou-alcool" */;
			buildPhases = (
				8C8772461D87338600DD44F3 /* Sources */,
				8C8772471D87338600DD44F3 /* Frameworks */,
				8C8772481D87338600DD44F3 /* Resources */,
			);
			buildRules = (
			);
			dependencies = (
			);
			name = "gasolina-ou-alcool";
			productName = "gasolina-ou-alcool";
			productReference = 8C87724A1D87338600DD44F3 /* gasolina-ou-alcool.app */;
			productType = "com.apple.product-type.application";
		};
/* End PBXNativeTarget section */

/* Begin PBXProject section */
		8C8772421D87338600DD44F3 /* Project object */ = {
			isa = PBXProject;
			attributes = {
				LastSwiftUpdateCheck = 0800;
				LastUpgradeCheck = 0800;
				ORGANIZATIONNAME = "Nubio Knupp";
				TargetAttributes = {
					8C8772491D87338600DD44F3 = {
						CreatedOnToolsVersion = 8.0;
						ProvisioningStyle = Automatic;
					};
				};
			};
			buildConfigurationList = 8C8772451D87338600DD44F3 /* Build configuration list for PBXProject "gasolina-ou-alcool" */;
			compatibilityVersion = "Xcode 3.2";
			developmentRegion = English;
			hasScannedForEncodings = 0;
			knownRegions = (
				en,
				Base,
			);
			mainGroup = 8C8772411D87338600DD44F3;
			productRefGroup = 8C87724B1D87338600DD44F3 /* Products */;
			projectDirPath = "";
			projectRoot = "";
			targets = (
				8C8772491D87338600DD44F3 /* gasolina-ou-alcool */,
			);
		};
/* End PBXProject section */

/* Begin PBXResourcesBuildPhase section */
		8C8772481D87338600DD44F3 /* Resources */ = {
			isa = PBXResourcesBuildPhase;
			buildActionMask = 2147483647;
			files = (
				8C8772601D87339F00DD44F3 /* logo.png in Resources */,
				8C8772581D87338600DD44F3 /* LaunchScreen.storyboard in Resources */,
				8C8772551D87338600DD44F3 /* Assets.xcassets in Resources */,
				8C8772531D87338600DD44F3 /* Main.storyboard in Resources */,
			);
			runOnlyForDeploymentPostprocessing = 0;
		};
/* End PBXResourcesBuildPhase section */

/* Begin PBXSourcesBuildPhase section */
		8C8772461D87338600DD44F3 /* Sources */ = {
			isa = PBXSourcesBuildPhase;
			buildActionMask = 2147483647;
			files = (
				8C8772621D8742E700DD44F3 /* ViewController.swift in Sources */,
				8C87724E1D87338600DD44F3 /* AppDelegate.swift in Sources */,
			);
			runOnlyForDeploymentPostprocessing = 0;
		};
/* End PBXSourcesBuildPhase section */

/* Begin PBXVariantGroup section */
		8C8772511D87338600DD44F3 /* Main.storyboard */ = {
			isa = PBXVariantGroup;
			children = (
				8C8772521D87338600DD44F3 /* Base */,
			);
			name = Main.storyboard;
			sourceTree = "<group>";
		};
		8C8772561D87338600DD44F3 /* LaunchScreen.storyboard */ = {
			isa = PBXVariantGroup;
			children = (
				8C8772571D87338600DD44F3 /* Base */,
			);
			name = LaunchScreen.storyboard;
			sourceTree = "<group>";
		};
/* End PBXVariantGroup section */

/* Begin XCBuildConfiguration section */
		8C87725A1D87338600DD44F3 /* Debug */ = {
			isa = XCBuildConfiguration;
			buildSettings = {
				ALWAYS_SEARCH_USER_PATHS = NO;
				CLANG_ANALYZER_NONNULL = YES;
				CLANG_CXX_LANGUAGE_STANDARD = "gnu++0x";
				CLANG_CXX_LIBRARY = "libc++";
				CLANG_ENABLE_MODULES = YES;
				CLANG_ENABLE_OBJC_ARC = YES;
				CLANG_WARN_BOOL_CONVERSION = YES;
				CLANG_WARN_CONSTANT_CONVERSION = YES;
				CLANG_WARN_DIRECT_OBJC_ISA_USAGE = YES_ERROR;
				CLANG_WARN_DOCUMENTATION_COMMENTS = YES;
				CLANG_WARN_EMPTY_BODY = YES;
				CLANG_WARN_ENUM_CONVERSION = YES;
				CLANG_WARN_INFINITE_RECURSION = YES;
				CLANG_WARN_INT_CONVERSION = YES;
				CLANG_WARN_OBJC_ROOT_CLASS = YES_ERROR;
				CLANG_WARN_SUSPICIOUS_MOVES = YES;
				CLANG_WARN_UNREACHABLE_CODE = YES;
				CLANG_WARN__DUPLICATE_METHOD_MATCH = YES;
				"CODE_SIGN_IDENTITY[sdk=iphoneos*]" = "iPhone Developer";
				COPY_PHASE_STRIP = NO;
				DEBUG_INFORMATION_FORMAT = dwarf;
				ENABLE_STRICT_OBJC_MSGSEND = YES;
				ENABLE_TESTABILITY = YES;
				GCC_C_LANGUAGE_STANDARD = gnu99;
				GCC_DYNAMIC_NO_PIC = NO;
				GCC_NO_COMMON_BLOCKS = YES;
				GCC_OPTIMIZATION_LEVEL = 0;
				GCC_PREPROCESSOR_DEFINITIONS = (
					"DEBUG=1",
					"$(inherited)",
				);
				GCC_WARN_64_TO_32_BIT_CONVERSION = YES;
				GCC_WARN_ABOUT_RETURN_TYPE = YES_ERROR;
				GCC_WARN_UNDECLARED_SELECTOR = YES;
				GCC_WARN_UNINITIALIZED_AUTOS = YES_AGGRESSIVE;
				GCC_WARN_UNUSED_FUNCTION = YES;
				GCC_WARN_UNUSED_VARIABLE = YES;
				IPHONEOS_DEPLOYMENT_TARGET = 10.0;
				MTL_ENABLE_DEBUG_INFO = YES;
				ONLY_ACTIVE_ARCH = YES;
				SDKROOT = iphoneos;
				SWIFT_ACTIVE_COMPILATION_CONDITIONS = DEBUG;
				SWIFT_OPTIMIZATION_LEVEL = "-Onone";
			};
			name = Debug;
		};
		8C87725B1D87338600DD44F3 /* Release */ = {
			isa = XCBuildConfiguration;
			buildSettings = {
				ALWAYS_SEARCH_USER_PATHS = NO;
				CLANG_ANALYZER_NONNULL = YES;
				CLANG_CXX_LANGUAGE_STANDARD = "gnu++0x";
				CLANG_CXX_LIBRARY = "libc++";
				CLANG_ENABLE_MODULES = YES;
				CLANG_ENABLE_OBJC_ARC = YES;
				CLANG_WARN_BOOL_CONVERSION = YES;
				CLANG_WARN_CONSTANT_CONVERSION = YES;
				CLANG_WARN_DIRECT_OBJC_ISA_USAGE = YES_ERROR;
				CLANG_WARN_DOCUMENTATION_COMMENTS = YES;
				CLANG_WARN_EMPTY_BODY = YES;
				CLANG_WARN_ENUM_CONVERSION = YES;
				CLANG_WARN_INFINITE_RECURSION = YES;
				CLANG_WARN_INT_CONVERSION = YES;
				CLANG_WARN_OBJC_ROOT_CLASS = YES_ERROR;
				CLANG_WARN_SUSPICIOUS_MOVES = YES;
				CLANG_WARN_UNREACHABLE_CODE = YES;
				CLANG_WARN__DUPLICATE_METHOD_MATCH = YES;
				"CODE_SIGN_IDENTITY[sdk=iphoneos*]" = "iPhone Developer";
				COPY_PHASE_STRIP = NO;
				DEBUG_INFORMATION_FORMAT = "dwarf-with-dsym";
				ENABLE_NS_ASSERTIONS = NO;
				ENABLE_STRICT_OBJC_MSGSEND = YES;
				GCC_C_LANGUAGE_STANDARD = gnu99;
				GCC_NO_COMMON_BLOCKS = YES;
				GCC_WARN_64_TO_32_BIT_CONVERSION = YES;
				GCC_WARN_ABOUT_RETURN_TYPE = YES_ERROR;
				GCC_WARN_UNDECLARED_SELECTOR = YES;
				GCC_WARN_UNINITIALIZED_AUTOS = YES_AGGRESSIVE;
				GCC_WARN_UNUSED_FUNCTION = YES;
				GCC_WARN_UNUSED_VARIABLE = YES;
				IPHONEOS_DEPLOYMENT_TARGET = 10.0;
				MTL_ENABLE_DEBUG_INFO = NO;
				SDKROOT = iphoneos;
				SWIFT_OPTIMIZATION_LEVEL = "-Owholemodule";
				VALIDATE_PRODUCT = YES;
			};
			name = Release;
		};
		8C87725D1D87338600DD44F3 /* Debug */ = {
			isa = XCBuildConfiguration;
			buildSettings = {
				ASSETCATALOG_COMPILER_APPICON_NAME = AppIcon;
				INFOPLIST_FILE = "gasolina-ou-alcool/Info.plist";
				LD_RUNPATH_SEARCH_PATHS = "$(inherited) @executable_path/Frameworks";
				PRODUCT_BUNDLE_IDENTIFIER = "com.knupp.gasolina-ou-alcool";
				PRODUCT_NAME = "$(TARGET_NAME)";
				SWIFT_VERSION = 3.0;
			};
			name = Debug;
		};
		8C87725E1D87338600DD44F3 /* Release */ = {
			isa = XCBuildConfiguration;
			buildSettings = {
				ASSETCATALOG_COMPILER_APPICON_NAME = AppIcon;
				INFOPLIST_FILE = "gasolina-ou-alcool/Info.plist";
				LD_RUNPATH_SEARCH_PATHS = "$(inherited) @executable_path/Frameworks";
				PRODUCT_BUNDLE_IDENTIFIER = "com.knupp.gasolina-ou-alcool";
				PRODUCT_NAME = "$(TARGET_NAME)";
				SWIFT_VERSION = 3.0;
			};
			name = Release;
		};
/* End XCBuildConfiguration section */

/* Begin XCConfigurationList section */
		8C8772451D87338600DD44F3 /* Build configuration list for PBXProject "gasolina-ou-alcool" */ = {
			isa = XCConfigurationList;
			buildConfigurations = (
				8C87725A1D87338600DD44F3 /* Debug */,
				8C87725B1D87338600DD44F3 /* Release */,
			);
			defaultConfigurationIsVisible = 0;
			defaultConfigurationName = Release;
		};
		8C87725C1D87338600DD44F3 /* Build configuration list for PBXNativeTarget "gasolina-ou-alcool" */ = {
			isa = XCConfigurationList;
			buildConfigurations = (
				8C87725D1D87338600DD44F3 /* Debug */,
				8C87725E1D87338600DD44F3 /* Release */,
			);
			defaultConfigurationIsVisible = 0;
		};
/* End XCConfigurationList section */
	};
	rootObject = 8C8772421D87338600DD44F3 /* Project object */;
}
